// !$*UTF8*$!
{
	archiveVersion = 1;
	classes = {
	};
	objectVersion = 50;
	objects = {

/* Begin PBXBuildFile section */
		6B61EEA623D51EC300D3FFE0 /* AppDelegate.swift in Sources */ = {isa = PBXBuildFile; fileRef = 6B61EEA523D51EC300D3FFE0 /* AppDelegate.swift */; };
		6B61EEA823D51EC300D3FFE0 /* SceneDelegate.swift in Sources */ = {isa = PBXBuildFile; fileRef = 6B61EEA723D51EC300D3FFE0 /* SceneDelegate.swift */; };
		6B61EEAA23D51EC300D3FFE0 /* ViewController.swift in Sources */ = {isa = PBXBuildFile; fileRef = 6B61EEA923D51EC300D3FFE0 /* ViewController.swift */; };
		6B61EEAD23D51EC300D3FFE0 /* Main.storyboard in Resources */ = {isa = PBXBuildFile; fileRef = 6B61EEAB23D51EC300D3FFE0 /* Main.storyboard */; };
		6B61EEAF23D51EC300D3FFE0 /* Assets.xcassets in Resources */ = {isa = PBXBuildFile; fileRef = 6B61EEAE23D51EC300D3FFE0 /* Assets.xcassets */; };
		6B61EEB223D51EC300D3FFE0 /* LaunchScreen.storyboard in Resources */ = {isa = PBXBuildFile; fileRef = 6B61EEB023D51EC300D3FFE0 /* LaunchScreen.storyboard */; };
		6B61EEBD23D51EC400D3FFE0 /* tippyTests.swift in Sources */ = {isa = PBXBuildFile; fileRef = 6B61EEBC23D51EC400D3FFE0 /* tippyTests.swift */; };
		6B61EEC823D51EC400D3FFE0 /* tippyUITests.swift in Sources */ = {isa = PBXBuildFile; fileRef = 6B61EEC723D51EC400D3FFE0 /* tippyUITests.swift */; };
		6B61EED623D52D5400D3FFE0 /* SettingsViewController.swift in Sources */ = {isa = PBXBuildFile; fileRef = 6B61EED523D52D5400D3FFE0 /* SettingsViewController.swift */; };
/* End PBXBuildFile section */

/* Begin PBXContainerItemProxy section */
		6B61EEB923D51EC400D3FFE0 /* PBXContainerItemProxy */ = {
			isa = PBXContainerItemProxy;
			containerPortal = 6B61EE9A23D51EC300D3FFE0 /* Project object */;
			proxyType = 1;
			remoteGlobalIDString = 6B61EEA123D51EC300D3FFE0;
			remoteInfo = tippy;
		};
		6B61EEC423D51EC400D3FFE0 /* PBXContainerItemProxy */ = {
			isa = PBXContainerItemProxy;
			containerPortal = 6B61EE9A23D51EC300D3FFE0 /* Project object */;
			proxyType = 1;
			remoteGlobalIDString = 6B61EEA123D51EC300D3FFE0;
			remoteInfo = tippy;
		};
/* End PBXContainerItemProxy section */

/* Begin PBXFileReference section */
		6B61EEA223D51EC300D3FFE0 /* tippy.app */ = {isa = PBXFileReference; explicitFileType = wrapper.application; includeInIndex = 0; path = tippy.app; sourceTree = BUILT_PRODUCTS_DIR; };
		6B61EEA523D51EC300D3FFE0 /* AppDelegate.swift */ = {isa = PBXFileReference; lastKnownFileType = sourcecode.swift; path = AppDelegate.swift; sourceTree = "<group>"; };
		6B61EEA723D51EC300D3FFE0 /* SceneDelegate.swift */ = {isa = PBXFileReference; lastKnownFileType = sourcecode.swift; path = SceneDelegate.swift; sourceTree = "<group>"; };
		6B61EEA923D51EC300D3FFE0 /* ViewController.swift */ = {isa = PBXFileReference; lastKnownFileType = sourcecode.swift; path = ViewController.swift; sourceTree = "<group>"; };
		6B61EEAC23D51EC300D3FFE0 /* Base */ = {isa = PBXFileReference; lastKnownFileType = file.storyboard; name = Base; path = Base.lproj/Main.storyboard; sourceTree = "<group>"; };
		6B61EEAE23D51EC300D3FFE0 /* Assets.xcassets */ = {isa = PBXFileReference; lastKnownFileType = folder.assetcatalog; path = Assets.xcassets; sourceTree = "<group>"; };
		6B61EEB123D51EC300D3FFE0 /* Base */ = {isa = PBXFileReference; lastKnownFileType = file.storyboard; name = Base; path = Base.lproj/LaunchScreen.storyboard; sourceTree = "<group>"; };
		6B61EEB323D51EC300D3FFE0 /* Info.plist */ = {isa = PBXFileReference; lastKnownFileType = text.plist.xml; path = Info.plist; sourceTree = "<group>"; };
		6B61EEB823D51EC400D3FFE0 /* tippyTests.xctest */ = {isa = PBXFileReference; explicitFileType = wrapper.cfbundle; includeInIndex = 0; path = tippyTests.xctest; sourceTree = BUILT_PRODUCTS_DIR; };
		6B61EEBC23D51EC400D3FFE0 /* tippyTests.swift */ = {isa = PBXFileReference; lastKnownFileType = sourcecode.swift; path = tippyTests.swift; sourceTree = "<group>"; };
		6B61EEBE23D51EC400D3FFE0 /* Info.plist */ = {isa = PBXFileReference; lastKnownFileType = text.plist.xml; path = Info.plist; sourceTree = "<group>"; };
		6B61EEC323D51EC400D3FFE0 /* tippyUITests.xctest */ = {isa = PBXFileReference; explicitFileType = wrapper.cfbundle; includeInIndex = 0; path = tippyUITests.xctest; sourceTree = BUILT_PRODUCTS_DIR; };
		6B61EEC723D51EC400D3FFE0 /* tippyUITests.swift */ = {isa = PBXFileReference; lastKnownFileType = sourcecode.swift; path = tippyUITests.swift; sourceTree = "<group>"; };
		6B61EEC923D51EC400D3FFE0 /* Info.plist */ = {isa = PBXFileReference; lastKnownFileType = text.plist.xml; path = Info.plist; sourceTree = "<group>"; };
		6B61EED523D52D5400D3FFE0 /* SettingsViewController.swift */ = {isa = PBXFileReference; lastKnownFileType = sourcecode.swift; path = SettingsViewController.swift; sourceTree = "<group>"; };
/* End PBXFileReference section */

/* Begin PBXFrameworksBuildPhase section */
		6B61EE9F23D51EC300D3FFE0 /* Frameworks */ = {
			isa = PBXFrameworksBuildPhase;
			buildActionMask = 2147483647;
			files = (
			);
			runOnlyForDeploymentPostprocessing = 0;
		};
		6B61EEB523D51EC400D3FFE0 /* Frameworks */ = {
			isa = PBXFrameworksBuildPhase;
			buildActionMask = 2147483647;
			files = (
			);
			runOnlyForDeploymentPostprocessing = 0;
		};
		6B61EEC023D51EC400D3FFE0 /* Frameworks */ = {
			isa = PBXFrameworksBuildPhase;
			buildActionMask = 2147483647;
			files = (
			);
			runOnlyForDeploymentPostprocessing = 0;
		};
/* End PBXFrameworksBuildPhase section */

/* Begin PBXGroup section */
		6B61EE9923D51EC300D3FFE0 = {
			isa = PBXGroup;
			children = (
				6B61EEA423D51EC300D3FFE0 /* tippy */,
				6B61EEBB23D51EC400D3FFE0 /* tippyTests */,
				6B61EEC623D51EC400D3FFE0 /* tippyUITests */,
				6B61EEA323D51EC300D3FFE0 /* Products */,
			);
			sourceTree = "<group>";
		};
		6B61EEA323D51EC300D3FFE0 /* Products */ = {
			isa = PBXGroup;
			children = (
				6B61EEA223D51EC300D3FFE0 /* tippy.app */,
				6B61EEB823D51EC400D3FFE0 /* tippyTests.xctest */,
				6B61EEC323D51EC400D3FFE0 /* tippyUITests.xctest */,
			);
			name = Products;
			sourceTree = "<group>";
		};
		6B61EEA423D51EC300D3FFE0 /* tippy */ = {
			isa = PBXGroup;
			children = (
				6B61EEA523D51EC300D3FFE0 /* AppDelegate.swift */,
				6B61EEA723D51EC300D3FFE0 /* SceneDelegate.swift */,
				6B61EEA923D51EC300D3FFE0 /* ViewController.swift */,
				6B61EEAB23D51EC300D3FFE0 /* Main.storyboard */,
				6B61EED523D52D5400D3FFE0 /* SettingsViewController.swift */,
				6B61EEAE23D51EC300D3FFE0 /* Assets.xcassets */,
				6B61EEB023D51EC300D3FFE0 /* LaunchScreen.storyboard */,
				6B61EEB323D51EC300D3FFE0 /* Info.plist */,
			);
			path = tippy;
			sourceTree = "<group>";
		};
		6B61EEBB23D51EC400D3FFE0 /* tippyTests */ = {
			isa = PBXGroup;
			children = (
				6B61EEBC23D51EC400D3FFE0 /* tippyTests.swift */,
				6B61EEBE23D51EC400D3FFE0 /* Info.plist */,
			);
			path = tippyTests;
			sourceTree = "<group>";
		};
		6B61EEC623D51EC400D3FFE0 /* tippyUITests */ = {
			isa = PBXGroup;
			children = (
				6B61EEC723D51EC400D3FFE0 /* tippyUITests.swift */,
				6B61EEC923D51EC400D3FFE0 /* Info.plist */,
			);
			path = tippyUITests;
			sourceTree = "<group>";
		};
/* End PBXGroup section */

/* Begin PBXNativeTarget section */
		6B61EEA123D51EC300D3FFE0 /* tippy */ = {
			isa = PBXNativeTarget;
			buildConfigurationList = 6B61EECC23D51EC400D3FFE0 /* Build configuration list for PBXNativeTarget "tippy" */;
			buildPhases = (
				6B61EE9E23D51EC300D3FFE0 /* Sources */,
				6B61EE9F23D51EC300D3FFE0 /* Frameworks */,
				6B61EEA023D51EC300D3FFE0 /* Resources */,
			);
			buildRules = (
			);
			dependencies = (
			);
			name = tippy;
			productName = tippy;
			productReference = 6B61EEA223D51EC300D3FFE0 /* tippy.app */;
			productType = "com.apple.product-type.application";
		};
		6B61EEB723D51EC400D3FFE0 /* tippyTests */ = {
			isa = PBXNativeTarget;
			buildConfigurationList = 6B61EECF23D51EC400D3FFE0 /* Build configuration list for PBXNativeTarget "tippyTests" */;
			buildPhases = (
				6B61EEB423D51EC400D3FFE0 /* Sources */,
				6B61EEB523D51EC400D3FFE0 /* Frameworks */,
				6B61EEB623D51EC400D3FFE0 /* Resources */,
			);
			buildRules = (
			);
			dependencies = (
				6B61EEBA23D51EC400D3FFE0 /* PBXTargetDependency */,
			);
			name = tippyTests;
			productName = tippyTests;
			productReference = 6B61EEB823D51EC400D3FFE0 /* tippyTests.xctest */;
			productType = "com.apple.product-type.bundle.unit-test";
		};
		6B61EEC223D51EC400D3FFE0 /* tippyUITests */ = {
			isa = PBXNativeTarget;
			buildConfigurationList = 6B61EED223D51EC400D3FFE0 /* Build configuration list for PBXNativeTarget "tippyUITests" */;
			buildPhases = (
				6B61EEBF23D51EC400D3FFE0 /* Sources */,
				6B61EEC023D51EC400D3FFE0 /* Frameworks */,
				6B61EEC123D51EC400D3FFE0 /* Resources */,
			);
			buildRules = (
			);
			dependencies = (
				6B61EEC523D51EC400D3FFE0 /* PBXTargetDependency */,
			);
			name = tippyUITests;
			productName = tippyUITests;
			productReference = 6B61EEC323D51EC400D3FFE0 /* tippyUITests.xctest */;
			productType = "com.apple.product-type.bundle.ui-testing";
		};
/* End PBXNativeTarget section */

/* Begin PBXProject section */
		6B61EE9A23D51EC300D3FFE0 /* Project object */ = {
			isa = PBXProject;
			attributes = {
				LastSwiftUpdateCheck = 1130;
				LastUpgradeCheck = 1130;
				ORGANIZATIONNAME = subram43;
				TargetAttributes = {
					6B61EEA123D51EC300D3FFE0 = {
						CreatedOnToolsVersion = 11.3;
					};
					6B61EEB723D51EC400D3FFE0 = {
						CreatedOnToolsVersion = 11.3;
						TestTargetID = 6B61EEA123D51EC300D3FFE0;
					};
					6B61EEC223D51EC400D3FFE0 = {
						CreatedOnToolsVersion = 11.3;
						TestTargetID = 6B61EEA123D51EC300D3FFE0;
					};
				};
			};
			buildConfigurationList = 6B61EE9D23D51EC300D3FFE0 /* Build configuration list for PBXProject "tippy" */;
			compatibilityVersion = "Xcode 9.3";
			developmentRegion = en;
			hasScannedForEncodings = 0;
			knownRegions = (
				en,
				Base,
			);
			mainGroup = 6B61EE9923D51EC300D3FFE0;
			productRefGroup = 6B61EEA323D51EC300D3FFE0 /* Products */;
			projectDirPath = "";
			projectRoot = "";
			targets = (
				6B61EEA123D51EC300D3FFE0 /* tippy */,
				6B61EEB723D51EC400D3FFE0 /* tippyTests */,
				6B61EEC223D51EC400D3FFE0 /* tippyUITests */,
			);
		};
/* End PBXProject section */

/* Begin PBXResourcesBuildPhase section */
		6B61EEA023D51EC300D3FFE0 /* Resources */ = {
			isa = PBXResourcesBuildPhase;
			buildActionMask = 2147483647;
			files = (
				6B61EEB223D51EC300D3FFE0 /* LaunchScreen.storyboard in Resources */,
				6B61EEAF23D51EC300D3FFE0 /* Assets.xcassets in Resources */,
				6B61EEAD23D51EC300D3FFE0 /* Main.storyboard in Resources */,
			);
			runOnlyForDeploymentPostprocessing = 0;
		};
		6B61EEB623D51EC400D3FFE0 /* Resources */ = {
			isa = PBXResourcesBuildPhase;
			buildActionMask = 2147483647;
			files = (
			);
			runOnlyForDeploymentPostprocessing = 0;
		};
		6B61EEC123D51EC400D3FFE0 /* Resources */ = {
			isa = PBXResourcesBuildPhase;
			buildActionMask = 2147483647;
			files = (
			);
			runOnlyForDeploymentPostprocessing = 0;
		};
/* End PBXResourcesBuildPhase section */

/* Begin PBXSourcesBuildPhase section */
		6B61EE9E23D51EC300D3FFE0 /* Sources */ = {
			isa = PBXSourcesBuildPhase;
			buildActionMask = 2147483647;
			files = (
				6B61EEAA23D51EC300D3FFE0 /* ViewController.swift in Sources */,
				6B61EEA623D51EC300D3FFE0 /* AppDelegate.swift in Sources */,
				6B61EEA823D51EC300D3FFE0 /* SceneDelegate.swift in Sources */,
				6B61EED623D52D5400D3FFE0 /* SettingsViewController.swift in Sources */,
			);
			runOnlyForDeploymentPostprocessing = 0;
		};
		6B61EEB423D51EC400D3FFE0 /* Sources */ = {
			isa = PBXSourcesBuildPhase;
			buildActionMask = 2147483647;
			files = (
				6B61EEBD23D51EC400D3FFE0 /* tippyTests.swift in Sources */,
			);
			runOnlyForDeploymentPostprocessing = 0;
		};
		6B61EEBF23D51EC400D3FFE0 /* Sources */ = {
			isa = PBXSourcesBuildPhase;
			buildActionMask = 2147483647;
			files = (
				6B61EEC823D51EC400D3FFE0 /* tippyUITests.swift in Sources */,
			);
			runOnlyForDeploymentPostprocessing = 0;
		};
/* End PBXSourcesBuildPhase section */

/* Begin PBXTargetDependency section */
		6B61EEBA23D51EC400D3FFE0 /* PBXTargetDependency */ = {
			isa = PBXTargetDependency;
			target = 6B61EEA123D51EC300D3FFE0 /* tippy */;
			targetProxy = 6B61EEB923D51EC400D3FFE0 /* PBXContainerItemProxy */;
		};
		6B61EEC523D51EC400D3FFE0 /* PBXTargetDependency */ = {
			isa = PBXTargetDependency;
			target = 6B61EEA123D51EC300D3FFE0 /* tippy */;
			targetProxy = 6B61EEC423D51EC400D3FFE0 /* PBXContainerItemProxy */;
		};
/* End PBXTargetDependency section */

/* Begin PBXVariantGroup section */
		6B61EEAB23D51EC300D3FFE0 /* Main.storyboard */ = {
			isa = PBXVariantGroup;
			children = (
				6B61EEAC23D51EC300D3FFE0 /* Base */,
			);
			name = Main.storyboard;
			sourceTree = "<group>";
		};
		6B61EEB023D51EC300D3FFE0 /* LaunchScreen.storyboard */ = {
			isa = PBXVariantGroup;
			children = (
				6B61EEB123D51EC300D3FFE0 /* Base */,
			);
			name = LaunchScreen.storyboard;
			sourceTree = "<group>";
		};
/* End PBXVariantGroup section */

/* Begin XCBuildConfiguration section */
		6B61EECA23D51EC400D3FFE0 /* Debug */ = {
			isa = XCBuildConfiguration;
			buildSettings = {
				ALWAYS_SEARCH_USER_PATHS = NO;
				CLANG_ANALYZER_NONNULL = YES;
				CLANG_ANALYZER_NUMBER_OBJECT_CONVERSION = YES_AGGRESSIVE;
				CLANG_CXX_LANGUAGE_STANDARD = "gnu++14";
				CLANG_CXX_LIBRARY = "libc++";
				CLANG_ENABLE_MODULES = YES;
				CLANG_ENABLE_OBJC_ARC = YES;
				CLANG_ENABLE_OBJC_WEAK = YES;
				CLANG_WARN_BLOCK_CAPTURE_AUTORELEASING = YES;
				CLANG_WARN_BOOL_CONVERSION = YES;
				CLANG_WARN_COMMA = YES;
				CLANG_WARN_CONSTANT_CONVERSION = YES;
				CLANG_WARN_DEPRECATED_OBJC_IMPLEMENTATIONS = YES;
				CLANG_WARN_DIRECT_OBJC_ISA_USAGE = YES_ERROR;
				CLANG_WARN_DOCUMENTATION_COMMENTS = YES;
				CLANG_WARN_EMPTY_BODY = YES;
				CLANG_WARN_ENUM_CONVERSION = YES;
				CLANG_WARN_INFINITE_RECURSION = YES;
				CLANG_WARN_INT_CONVERSION = YES;
				CLANG_WARN_NON_LITERAL_NULL_CONVERSION = YES;
				CLANG_WARN_OBJC_IMPLICIT_RETAIN_SELF = YES;
				CLANG_WARN_OBJC_LITERAL_CONVERSION = YES;
				CLANG_WARN_OBJC_ROOT_CLASS = YES_ERROR;
				CLANG_WARN_RANGE_LOOP_ANALYSIS = YES;
				CLANG_WARN_STRICT_PROTOTYPES = YES;
				CLANG_WARN_SUSPICIOUS_MOVE = YES;
				CLANG_WARN_UNGUARDED_AVAILABILITY = YES_AGGRESSIVE;
				CLANG_WARN_UNREACHABLE_CODE = YES;
				CLANG_WARN__DUPLICATE_METHOD_MATCH = YES;
				COPY_PHASE_STRIP = NO;
				DEBUG_INFORMATION_FORMAT = dwarf;
				ENABLE_STRICT_OBJC_MSGSEND = YES;
				ENABLE_TESTABILITY = YES;
				GCC_C_LANGUAGE_STANDARD = gnu11;
				GCC_DYNAMIC_NO_PIC = NO;
				GCC_NO_COMMON_BLOCKS = YES;
				GCC_OPTIMIZATION_LEVEL = 0;
				GCC_PREPROCESSOR_DEFINITIONS = (
					"DEBUG=1",
					"$(inherited)",
				);
				GCC_WARN_64_TO_32_BIT_CONVERSION = YES;
				GCC_WARN_ABOUT_RETURN_TYPE = YES_ERROR;
				GCC_WARN_UNDECLARED_SELECTOR = YES;
				GCC_WARN_UNINITIALIZED_AUTOS = YES_AGGRESSIVE;
				GCC_WARN_UNUSED_FUNCTION = YES;
				GCC_WARN_UNUSED_VARIABLE = YES;
				IPHONEOS_DEPLOYMENT_TARGET = 13.2;
				MTL_ENABLE_DEBUG_INFO = INCLUDE_SOURCE;
				MTL_FAST_MATH = YES;
				ONLY_ACTIVE_ARCH = YES;
				SDKROOT = iphoneos;
				SWIFT_ACTIVE_COMPILATION_CONDITIONS = DEBUG;
				SWIFT_OPTIMIZATION_LEVEL = "-Onone";
			};
			name = Debug;
		};
		6B61EECB23D51EC400D3FFE0 /* Release */ = {
			isa = XCBuildConfiguration;
			buildSettings = {
				ALWAYS_SEARCH_USER_PATHS = NO;
				CLANG_ANALYZER_NONNULL = YES;
				CLANG_ANALYZER_NUMBER_OBJECT_CONVERSION = YES_AGGRESSIVE;
				CLANG_CXX_LANGUAGE_STANDARD = "gnu++14";
				CLANG_CXX_LIBRARY = "libc++";
				CLANG_ENABLE_MODULES = YES;
				CLANG_ENABLE_OBJC_ARC = YES;
				CLANG_ENABLE_OBJC_WEAK = YES;
				CLANG_WARN_BLOCK_CAPTURE_AUTORELEASING = YES;
				CLANG_WARN_BOOL_CONVERSION = YES;
				CLANG_WARN_COMMA = YES;
				CLANG_WARN_CONSTANT_CONVERSION = YES;
				CLANG_WARN_DEPRECATED_OBJC_IMPLEMENTATIONS = YES;
				CLANG_WARN_DIRECT_OBJC_ISA_USAGE = YES_ERROR;
				CLANG_WARN_DOCUMENTATION_COMMENTS = YES;
				CLANG_WARN_EMPTY_BODY = YES;
				CLANG_WARN_ENUM_CONVERSION = YES;
				CLANG_WARN_INFINITE_RECURSION = YES;
				CLANG_WARN_INT_CONVERSION = YES;
				CLANG_WARN_NON_LITERAL_NULL_CONVERSION = YES;
				CLANG_WARN_OBJC_IMPLICIT_RETAIN_SELF = YES;
				CLANG_WARN_OBJC_LITERAL_CONVERSION = YES;
				CLANG_WARN_OBJC_ROOT_CLASS = YES_ERROR;
				CLANG_WARN_RANGE_LOOP_ANALYSIS = YES;
				CLANG_WARN_STRICT_PROTOTYPES = YES;
				CLANG_WARN_SUSPICIOUS_MOVE = YES;
				CLANG_WARN_UNGUARDED_AVAILABILITY = YES_AGGRESSIVE;
				CLANG_WARN_UNREACHABLE_CODE = YES;
				CLANG_WARN__DUPLICATE_METHOD_MATCH = YES;
				COPY_PHASE_STRIP = NO;
				DEBUG_INFORMATION_FORMAT = "dwarf-with-dsym";
				ENABLE_NS_ASSERTIONS = NO;
				ENABLE_STRICT_OBJC_MSGSEND = YES;
				GCC_C_LANGUAGE_STANDARD = gnu11;
				GCC_NO_COMMON_BLOCKS = YES;
				GCC_WARN_64_TO_32_BIT_CONVERSION = YES;
				GCC_WARN_ABOUT_RETURN_TYPE = YES_ERROR;
				GCC_WARN_UNDECLARED_SELECTOR = YES;
				GCC_WARN_UNINITIALIZED_AUTOS = YES_AGGRESSIVE;
				GCC_WARN_UNUSED_FUNCTION = YES;
				GCC_WARN_UNUSED_VARIABLE = YES;
				IPHONEOS_DEPLOYMENT_TARGET = 13.2;
				MTL_ENABLE_DEBUG_INFO = NO;
				MTL_FAST_MATH = YES;
				SDKROOT = iphoneos;
				SWIFT_COMPILATION_MODE = wholemodule;
				SWIFT_OPTIMIZATION_LEVEL = "-O";
				VALIDATE_PRODUCT = YES;
			};
			name = Release;
		};
		6B61EECD23D51EC400D3FFE0 /* Debug */ = {
			isa = XCBuildConfiguration;
			buildSettings = {
				ASSETCATALOG_COMPILER_APPICON_NAME = AppIcon;
				CODE_SIGN_STYLE = Automatic;
				INFOPLIST_FILE = tippy/Info.plist;
				LD_RUNPATH_SEARCH_PATHS = (
					"$(inherited)",
					"@executable_path/Frameworks",
				);
				PRODUCT_BUNDLE_IDENTIFIER = com.subram43.tippy;
				PRODUCT_NAME = "$(TARGET_NAME)";
				SWIFT_VERSION = 5.0;
				TARGETED_DEVICE_FAMILY = "1,2";
			};
			name = Debug;
		};
		6B61EECE23D51EC400D3FFE0 /* Release */ = {
			isa = XCBuildConfiguration;
			buildSettings = {
				ASSETCATALOG_COMPILER_APPICON_NAME = AppIcon;
				CODE_SIGN_STYLE = Automatic;
				INFOPLIST_FILE = tippy/Info.plist;
				LD_RUNPATH_SEARCH_PATHS = (
					"$(inherited)",
					"@executable_path/Frameworks",
				);
				PRODUCT_BUNDLE_IDENTIFIER = com.subram43.tippy;
				PRODUCT_NAME = "$(TARGET_NAME)";
				SWIFT_VERSION = 5.0;
				TARGETED_DEVICE_FAMILY = "1,2";
			};
			name = Release;
		};
		6B61EED023D51EC400D3FFE0 /* Debug */ = {
			isa = XCBuildConfiguration;
			buildSettings = {
				ALWAYS_EMBED_SWIFT_STANDARD_LIBRARIES = YES;
				BUNDLE_LOADER = "$(TEST_HOST)";
				CODE_SIGN_STYLE = Automatic;
				INFOPLIST_FILE = tippyTests/Info.plist;
				IPHONEOS_DEPLOYMENT_TARGET = 13.2;
				LD_RUNPATH_SEARCH_PATHS = (
					"$(inherited)",
					"@executable_path/Frameworks",
					"@loader_path/Frameworks",
				);
				PRODUCT_BUNDLE_IDENTIFIER = com.subram43.tippyTests;
				PRODUCT_NAME = "$(TARGET_NAME)";
				SWIFT_VERSION = 5.0;
				TARGETED_DEVICE_FAMILY = "1,2";
				TEST_HOST = "$(BUILT_PRODUCTS_DIR)/tippy.app/tippy";
			};
			name = Debug;
		};
		6B61EED123D51EC400D3FFE0 /* Release */ = {
			isa = XCBuildConfiguration;
			buildSettings = {
				ALWAYS_EMBED_SWIFT_STANDARD_LIBRARIES = YES;
				BUNDLE_LOADER = "$(TEST_HOST)";
				CODE_SIGN_STYLE = Automatic;
				INFOPLIST_FILE = tippyTests/Info.plist;
				IPHONEOS_DEPLOYMENT_TARGET = 13.2;
				LD_RUNPATH_SEARCH_PATHS = (
					"$(inherited)",
					"@executable_path/Frameworks",
					"@loader_path/Frameworks",
				);
				PRODUCT_BUNDLE_IDENTIFIER = com.subram43.tippyTests;
				PRODUCT_NAME = "$(TARGET_NAME)";
				SWIFT_VERSION = 5.0;
				TARGETED_DEVICE_FAMILY = "1,2";
				TEST_HOST = "$(BUILT_PRODUCTS_DIR)/tippy.app/tippy";
			};
			name = Release;
		};
		6B61EED323D51EC400D3FFE0 /* Debug */ = {
			isa = XCBuildConfiguration;
			buildSettings = {
				ALWAYS_EMBED_SWIFT_STANDARD_LIBRARIES = YES;
				CODE_SIGN_STYLE = Automatic;
				INFOPLIST_FILE = tippyUITests/Info.plist;
				LD_RUNPATH_SEARCH_PATHS = (
					"$(inherited)",
					"@executable_path/Frameworks",
					"@loader_path/Frameworks",
				);
				PRODUCT_BUNDLE_IDENTIFIER = com.subram43.tippyUITests;
				PRODUCT_NAME = "$(TARGET_NAME)";
				SWIFT_VERSION = 5.0;
				TARGETED_DEVICE_FAMILY = "1,2";
				TEST_TARGET_NAME = tippy;
			};
			name = Debug;
		};
		6B61EED423D51EC400D3FFE0 /* Release */ = {
			isa = XCBuildConfiguration;
			buildSettings = {
				ALWAYS_EMBED_SWIFT_STANDARD_LIBRARIES = YES;
				CODE_SIGN_STYLE = Automatic;
				INFOPLIST_FILE = tippyUITests/Info.plist;
				LD_RUNPATH_SEARCH_PATHS = (
					"$(inherited)",
					"@executable_path/Frameworks",
					"@loader_path/Frameworks",
				);
				PRODUCT_BUNDLE_IDENTIFIER = com.subram43.tippyUITests;
				PRODUCT_NAME = "$(TARGET_NAME)";
				SWIFT_VERSION = 5.0;
				TARGETED_DEVICE_FAMILY = "1,2";
				TEST_TARGET_NAME = tippy;
			};
			name = Release;
		};
/* End XCBuildConfiguration section */

/* Begin XCConfigurationList section */
		6B61EE9D23D51EC300D3FFE0 /* Build configuration list for PBXProject "tippy" */ = {
			isa = XCConfigurationList;
			buildConfigurations = (
				6B61EECA23D51EC400D3FFE0 /* Debug */,
				6B61EECB23D51EC400D3FFE0 /* Release */,
			);
			defaultConfigurationIsVisible = 0;
			defaultConfigurationName = Release;
		};
		6B61EECC23D51EC400D3FFE0 /* Build configuration list for PBXNativeTarget "tippy" */ = {
			isa = XCConfigurationList;
			buildConfigurations = (
				6B61EECD23D51EC400D3FFE0 /* Debug */,
				6B61EECE23D51EC400D3FFE0 /* Release */,
			);
			defaultConfigurationIsVisible = 0;
			defaultConfigurationName = Release;
		};
		6B61EECF23D51EC400D3FFE0 /* Build configuration list for PBXNativeTarget "tippyTests" */ = {
			isa = XCConfigurationList;
			buildConfigurations = (
				6B61EED023D51EC400D3FFE0 /* Debug */,
				6B61EED123D51EC400D3FFE0 /* Release */,
			);
			defaultConfigurationIsVisible = 0;
			defaultConfigurationName = Release;
		};
		6B61EED223D51EC400D3FFE0 /* Build configuration list for PBXNativeTarget "tippyUITests" */ = {
			isa = XCConfigurationList;
			buildConfigurations = (
				6B61EED323D51EC400D3FFE0 /* Debug */,
				6B61EED423D51EC400D3FFE0 /* Release */,
			);
			defaultConfigurationIsVisible = 0;
			defaultConfigurationName = Release;
		};
/* End XCConfigurationList section */
	};
	rootObject = 6B61EE9A23D51EC300D3FFE0 /* Project object */;
}
